
Microsoft Visual Studio Solution File, Format Version 12.00
# Visual Studio Version 17
VisualStudioVersion = 17.8.34322.80
MinimumVisualStudioVersion = 10.0.40219.1
Project("{9A19103F-16F7-4668-BE54-9A1E7A4F7556}") = "ServisTakip", "ServisTakip\ServisTakip.csproj", "{3B7296EA-7EBD-4077-9EE4-4147230774D8}"
EndProject
Project("{9A19103F-16F7-4668-BE54-9A1E7A4F7556}") = "ServisTakipWebAPI", "ServisTakipWebAPI\ServisTakipWebAPI.csproj", "{D01ACB37-4CAE-4464-9BA7-672B882A504D}"
EndProject
Global
	GlobalSection(SolutionConfigurationPlatforms) = preSolution
		Debug|Any CPU = Debug|Any CPU
		Release|Any CPU = Release|Any CPU
	EndGlobalSection
	GlobalSection(ProjectConfigurationPlatforms) = postSolution
		{3B7296EA-7EBD-4077-9EE4-4147230774D8}.Debug|Any CPU.ActiveCfg = Debug|Any CPU
		{3B7296EA-7EBD-4077-9EE4-4147230774D8}.Debug|Any CPU.Build.0 = Debug|Any CPU
		{3B7296EA-7EBD-4077-9EE4-4147230774D8}.Release|Any CPU.ActiveCfg = Release|Any CPU
		{3B7296EA-7EBD-4077-9EE4-4147230774D8}.Release|Any CPU.Build.0 = Release|Any CPU
		{D01ACB37-4CAE-4464-9BA7-672B882A504D}.Debug|Any CPU.ActiveCfg = Debug|Any CPU
		{D01ACB37-4CAE-4464-9BA7-672B882A504D}.Debug|Any CPU.Build.0 = Debug|Any CPU
		{D01ACB37-4CAE-4464-9BA7-672B882A504D}.Release|Any CPU.ActiveCfg = Release|Any CPU
		{D01ACB37-4CAE-4464-9BA7-672B882A504D}.Release|Any CPU.Build.0 = Release|Any CPU
	EndGlobalSection
	GlobalSection(SolutionProperties) = preSolution
		HideSolutionNode = FALSE
	EndGlobalSection
	GlobalSection(ExtensibilityGlobals) = postSolution
		SolutionGuid = {0E0978E3-F213-4469-B25F-972EA451B2D0}
	EndGlobalSection
EndGlobal
